
Microsoft Visual Studio Solution File, Format Version 12.00
# Visual Studio Version 17
VisualStudioVersion = 17.9.34622.214
MinimumVisualStudioVersion = 10.0.40219.1
Project("{9A19103F-16F7-4668-BE54-9A1E7A4F7556}") = "LibraryFractions", "LibraryFractions\LibraryFractions.csproj", "{12E2D86A-8E7E-49E9-BA4A-6E504E13641F}"
EndProject
Project("{9A19103F-16F7-4668-BE54-9A1E7A4F7556}") = "ConsFractionsApp", "ConsFractionsApp\ConsFractionsApp.csproj", "{21CBFEB6-2E49-4832-9DF8-9007ADFD4B52}"
EndProject
Project("{9A19103F-16F7-4668-BE54-9A1E7A4F7556}") = "TestFractionLibrary", "TestFractionLibrary\TestFractionLibrary.csproj", "{BA73DA0F-94D8-486D-9833-C9C9CAF93436}"
EndProject
Project("{9A19103F-16F7-4668-BE54-9A1E7A4F7556}") = "WPFFractionsCalculator", "WPFFractionsCalc\WPFFractionsCalculator.csproj", "{45851F2B-9965-428E-BFEE-111A6ACD4BEE}"
EndProject
Global
	GlobalSection(SolutionConfigurationPlatforms) = preSolution
		Debug|Any CPU = Debug|Any CPU
		Release|Any CPU = Release|Any CPU
	EndGlobalSection
	GlobalSection(ProjectConfigurationPlatforms) = postSolution
		{12E2D86A-8E7E-49E9-BA4A-6E504E13641F}.Debug|Any CPU.ActiveCfg = Debug|Any CPU
		{12E2D86A-8E7E-49E9-BA4A-6E504E13641F}.Debug|Any CPU.Build.0 = Debug|Any CPU
		{12E2D86A-8E7E-49E9-BA4A-6E504E13641F}.Release|Any CPU.ActiveCfg = Release|Any CPU
		{12E2D86A-8E7E-49E9-BA4A-6E504E13641F}.Release|Any CPU.Build.0 = Release|Any CPU
		{21CBFEB6-2E49-4832-9DF8-9007ADFD4B52}.Debug|Any CPU.ActiveCfg = Debug|Any CPU
		{21CBFEB6-2E49-4832-9DF8-9007ADFD4B52}.Debug|Any CPU.Build.0 = Debug|Any CPU
		{21CBFEB6-2E49-4832-9DF8-9007ADFD4B52}.Release|Any CPU.ActiveCfg = Release|Any CPU
		{21CBFEB6-2E49-4832-9DF8-9007ADFD4B52}.Release|Any CPU.Build.0 = Release|Any CPU
		{BA73DA0F-94D8-486D-9833-C9C9CAF93436}.Debug|Any CPU.ActiveCfg = Debug|Any CPU
		{BA73DA0F-94D8-486D-9833-C9C9CAF93436}.Debug|Any CPU.Build.0 = Debug|Any CPU
		{BA73DA0F-94D8-486D-9833-C9C9CAF93436}.Release|Any CPU.ActiveCfg = Release|Any CPU
		{BA73DA0F-94D8-486D-9833-C9C9CAF93436}.Release|Any CPU.Build.0 = Release|Any CPU
		{45851F2B-9965-428E-BFEE-111A6ACD4BEE}.Debug|Any CPU.ActiveCfg = Debug|Any CPU
		{45851F2B-9965-428E-BFEE-111A6ACD4BEE}.Debug|Any CPU.Build.0 = Debug|Any CPU
		{45851F2B-9965-428E-BFEE-111A6ACD4BEE}.Release|Any CPU.ActiveCfg = Release|Any CPU
		{45851F2B-9965-428E-BFEE-111A6ACD4BEE}.Release|Any CPU.Build.0 = Release|Any CPU
	EndGlobalSection
	GlobalSection(SolutionProperties) = preSolution
		HideSolutionNode = FALSE
	EndGlobalSection
	GlobalSection(ExtensibilityGlobals) = postSolution
		SolutionGuid = {31F7AC6E-D781-4553-8CBE-C04D16E84D77}
	EndGlobalSection
EndGlobal
